
Microsoft Visual Studio Solution File, Format Version 12.00
# Visual Studio Version 17
VisualStudioVersion = 17.2.32526.322
MinimumVisualStudioVersion = 10.0.40219.1
Project("{FAE04EC0-301F-11D3-BF4B-00C04F79EFBC}") = "Contact-Trace", "Contact-Trace\Contact-Trace.csproj", "{3DC5228F-8312-44A6-A09E-0B7AC190633A}"
EndProject
Global
	GlobalSection(SolutionConfigurationPlatforms) = preSolution
		Debug|Any CPU = Debug|Any CPU
		Release|Any CPU = Release|Any CPU
	EndGlobalSection
	GlobalSection(ProjectConfigurationPlatforms) = postSolution
		{3DC5228F-8312-44A6-A09E-0B7AC190633A}.Debug|Any CPU.ActiveCfg = Debug|Any CPU
		{3DC5228F-8312-44A6-A09E-0B7AC190633A}.Debug|Any CPU.Build.0 = Debug|Any CPU
		{3DC5228F-8312-44A6-A09E-0B7AC190633A}.Release|Any CPU.ActiveCfg = Release|Any CPU
		{3DC5228F-8312-44A6-A09E-0B7AC190633A}.Release|Any CPU.Build.0 = Release|Any CPU
	EndGlobalSection
	GlobalSection(SolutionProperties) = preSolution
		HideSolutionNode = FALSE
	EndGlobalSection
	GlobalSection(ExtensibilityGlobals) = postSolution
		SolutionGuid = {B247B122-51DE-4F43-8EC0-73CC8F5C8A25}
	EndGlobalSection
EndGlobal
